
Microsoft Visual Studio Solution File, Format Version 12.00
# Visual Studio Version 18
VisualStudioVersion = 18.1.11312.151
MinimumVisualStudioVersion = 10.0.40219.1
Project("{FAE04EC0-301F-11D3-BF4B-00C04F79EFBC}") = "Maxiprod.Domain", "MP.Domain\Maxiprod.Domain.csproj", "{D78AF36D-94AA-832C-E821-64AE34B3153C}"
EndProject
Project("{FAE04EC0-301F-11D3-BF4B-00C04F79EFBC}") = "Maxiprod.Infra.Data", "MP.Data\Maxiprod.Infra.Data.csproj", "{ED027AA1-AF7E-4820-276F-FB57C3A3CA74}"
EndProject
Project("{FAE04EC0-301F-11D3-BF4B-00C04F79EFBC}") = "Maxiprod.Infra.IoC", "MP.Infraestructure\Maxiprod.Infra.IoC.csproj", "{8C3667B6-185E-B440-C26A-A064699A9581}"
EndProject
Project("{FAE04EC0-301F-11D3-BF4B-00C04F79EFBC}") = "Maxiprod.Application", "MP.Application\Maxiprod.Application.csproj", "{C6EC1051-6F55-D72F-E047-4B6C6CA6C3C5}"
EndProject
Project("{FAE04EC0-301F-11D3-BF4B-00C04F79EFBC}") = "Maxiprod.API", "MP.API\Maxiprod.API.csproj", "{83CE6C01-9DC2-0844-3D1C-70737E6BBDD6}"
EndProject
Global
	GlobalSection(SolutionConfigurationPlatforms) = preSolution
		Debug|Any CPU = Debug|Any CPU
		Release|Any CPU = Release|Any CPU
	EndGlobalSection
	GlobalSection(ProjectConfigurationPlatforms) = postSolution
		{D78AF36D-94AA-832C-E821-64AE34B3153C}.Debug|Any CPU.ActiveCfg = Debug|Any CPU
		{D78AF36D-94AA-832C-E821-64AE34B3153C}.Debug|Any CPU.Build.0 = Debug|Any CPU
		{D78AF36D-94AA-832C-E821-64AE34B3153C}.Release|Any CPU.ActiveCfg = Release|Any CPU
		{D78AF36D-94AA-832C-E821-64AE34B3153C}.Release|Any CPU.Build.0 = Release|Any CPU
		{ED027AA1-AF7E-4820-276F-FB57C3A3CA74}.Debug|Any CPU.ActiveCfg = Debug|Any CPU
		{ED027AA1-AF7E-4820-276F-FB57C3A3CA74}.Debug|Any CPU.Build.0 = Debug|Any CPU
		{ED027AA1-AF7E-4820-276F-FB57C3A3CA74}.Release|Any CPU.ActiveCfg = Release|Any CPU
		{ED027AA1-AF7E-4820-276F-FB57C3A3CA74}.Release|Any CPU.Build.0 = Release|Any CPU
		{8C3667B6-185E-B440-C26A-A064699A9581}.Debug|Any CPU.ActiveCfg = Debug|Any CPU
		{8C3667B6-185E-B440-C26A-A064699A9581}.Debug|Any CPU.Build.0 = Debug|Any CPU
		{8C3667B6-185E-B440-C26A-A064699A9581}.Release|Any CPU.ActiveCfg = Release|Any CPU
		{8C3667B6-185E-B440-C26A-A064699A9581}.Release|Any CPU.Build.0 = Release|Any CPU
		{C6EC1051-6F55-D72F-E047-4B6C6CA6C3C5}.Debug|Any CPU.ActiveCfg = Debug|Any CPU
		{C6EC1051-6F55-D72F-E047-4B6C6CA6C3C5}.Debug|Any CPU.Build.0 = Debug|Any CPU
		{C6EC1051-6F55-D72F-E047-4B6C6CA6C3C5}.Release|Any CPU.ActiveCfg = Release|Any CPU
		{C6EC1051-6F55-D72F-E047-4B6C6CA6C3C5}.Release|Any CPU.Build.0 = Release|Any CPU
		{83CE6C01-9DC2-0844-3D1C-70737E6BBDD6}.Debug|Any CPU.ActiveCfg = Debug|Any CPU
		{83CE6C01-9DC2-0844-3D1C-70737E6BBDD6}.Debug|Any CPU.Build.0 = Debug|Any CPU
		{83CE6C01-9DC2-0844-3D1C-70737E6BBDD6}.Release|Any CPU.ActiveCfg = Release|Any CPU
		{83CE6C01-9DC2-0844-3D1C-70737E6BBDD6}.Release|Any CPU.Build.0 = Release|Any CPU
	EndGlobalSection
	GlobalSection(SolutionProperties) = preSolution
		HideSolutionNode = FALSE
	EndGlobalSection
	GlobalSection(ExtensibilityGlobals) = postSolution
		SolutionGuid = {F07DBD4B-EB43-40E0-8975-E2DC17DB5F7B}
	EndGlobalSection
EndGlobal
